
Microsoft Visual Studio Solution File, Format Version 12.00
# Visual Studio Version 17
VisualStudioVersion = 17.7.34031.279
MinimumVisualStudioVersion = 10.0.40219.1
Project("{FAE04EC0-301F-11D3-BF4B-00C04F79EFBC}") = "Med_Preserve", "Med_Preserve.csproj", "{0A2592A2-2A7E-4D75-B6C8-B01CDB7C76FB}"
EndProject
Project("{54435603-DBB4-11D2-8724-00A0C9A8B90C}") = "Med-Preserve_Setup", "..\Med-Preserve_Setup\Med-Preserve_Setup.vdproj", "{E6C93B54-8D43-4247-9EDA-6FBD2FDF3114}"
EndProject
Global
	GlobalSection(SolutionConfigurationPlatforms) = preSolution
		Debug|Any CPU = Debug|Any CPU
		Release|Any CPU = Release|Any CPU
	EndGlobalSection
	GlobalSection(ProjectConfigurationPlatforms) = postSolution
		{0A2592A2-2A7E-4D75-B6C8-B01CDB7C76FB}.Debug|Any CPU.ActiveCfg = Release|Any CPU
		{0A2592A2-2A7E-4D75-B6C8-B01CDB7C76FB}.Debug|Any CPU.Build.0 = Release|Any CPU
		{0A2592A2-2A7E-4D75-B6C8-B01CDB7C76FB}.Release|Any CPU.ActiveCfg = Release|Any CPU
		{0A2592A2-2A7E-4D75-B6C8-B01CDB7C76FB}.Release|Any CPU.Build.0 = Release|Any CPU
		{E6C93B54-8D43-4247-9EDA-6FBD2FDF3114}.Debug|Any CPU.ActiveCfg = Release
		{E6C93B54-8D43-4247-9EDA-6FBD2FDF3114}.Release|Any CPU.ActiveCfg = Release
	EndGlobalSection
	GlobalSection(SolutionProperties) = preSolution
		HideSolutionNode = FALSE
	EndGlobalSection
	GlobalSection(ExtensibilityGlobals) = postSolution
		SolutionGuid = {D3BBB5C3-DDE6-4460-A551-B000FE25518E}
	EndGlobalSection
EndGlobal
